
Microsoft Visual Studio Solution File, Format Version 12.00
# Visual Studio 15
VisualStudioVersion = 15.0.28306.52
MinimumVisualStudioVersion = 10.0.40219.1
Project("{FAE04EC0-301F-11D3-BF4B-00C04F79EFBC}") = "Babysitter1", "Babysitter1\Babysitter1.csproj", "{EBFFE445-BB67-4B14-BD51-F66E70D6AFCB}"
EndProject
Global
	GlobalSection(SolutionConfigurationPlatforms) = preSolution
		Debug|Any CPU = Debug|Any CPU
		Release|Any CPU = Release|Any CPU
	EndGlobalSection
	GlobalSection(ProjectConfigurationPlatforms) = postSolution
		{EBFFE445-BB67-4B14-BD51-F66E70D6AFCB}.Debug|Any CPU.ActiveCfg = Debug|Any CPU
		{EBFFE445-BB67-4B14-BD51-F66E70D6AFCB}.Debug|Any CPU.Build.0 = Debug|Any CPU
		{EBFFE445-BB67-4B14-BD51-F66E70D6AFCB}.Release|Any CPU.ActiveCfg = Release|Any CPU
		{EBFFE445-BB67-4B14-BD51-F66E70D6AFCB}.Release|Any CPU.Build.0 = Release|Any CPU
	EndGlobalSection
	GlobalSection(SolutionProperties) = preSolution
		HideSolutionNode = FALSE
	EndGlobalSection
	GlobalSection(ExtensibilityGlobals) = postSolution
		SolutionGuid = {769FC6F0-05AA-4298-AB1C-B2DED00FBFC8}
	EndGlobalSection
EndGlobal
